
Microsoft Visual Studio Solution File, Format Version 12.00
# Visual Studio Version 16
VisualStudioVersion = 16.0.29609.76
MinimumVisualStudioVersion = 10.0.40219.1
Project("{FAE04EC0-301F-11D3-BF4B-00C04F79EFBC}") = "TinyCompiler", "TinyCompiler\TinyCompiler.csproj", "{5A4FBB94-EFAF-4DAA-9C12-AF0D3590422C}"
EndProject
Global
	GlobalSection(SolutionConfigurationPlatforms) = preSolution
		Debug|Any CPU = Debug|Any CPU
		Release|Any CPU = Release|Any CPU
	EndGlobalSection
	GlobalSection(ProjectConfigurationPlatforms) = postSolution
		{5A4FBB94-EFAF-4DAA-9C12-AF0D3590422C}.Debug|Any CPU.ActiveCfg = Debug|Any CPU
		{5A4FBB94-EFAF-4DAA-9C12-AF0D3590422C}.Debug|Any CPU.Build.0 = Debug|Any CPU
		{5A4FBB94-EFAF-4DAA-9C12-AF0D3590422C}.Release|Any CPU.ActiveCfg = Release|Any CPU
		{5A4FBB94-EFAF-4DAA-9C12-AF0D3590422C}.Release|Any CPU.Build.0 = Release|Any CPU
	EndGlobalSection
	GlobalSection(SolutionProperties) = preSolution
		HideSolutionNode = FALSE
	EndGlobalSection
	GlobalSection(ExtensibilityGlobals) = postSolution
		SolutionGuid = {887CB0E1-5DC5-4A38-8E56-703CB6C54090}
	EndGlobalSection
EndGlobal
